// !$*UTF8*$!
{
	archiveVersion = 1;
	classes = {
	};
	objectVersion = 50;
	objects = {

/* Begin PBXBuildFile section */
		BC76C0E025BA9D300003D3A7 /* CalculatorBrain.swift in Sources */ = {isa = PBXBuildFile; fileRef = BC76C0DF25BA9D300003D3A7 /* CalculatorBrain.swift */; };
		BC76C0E325BAAE890003D3A7 /* Reducer.swift in Sources */ = {isa = PBXBuildFile; fileRef = BC76C0E225BAAE890003D3A7 /* Reducer.swift */; };
		BC9EC45625BD1B8C00226029 /* CalculatorModel.swift in Sources */ = {isa = PBXBuildFile; fileRef = BC9EC45525BD1B8C00226029 /* CalculatorModel.swift */; };
		BC9EC45925BD303500226029 /* HistoryView.swift in Sources */ = {isa = PBXBuildFile; fileRef = BC9EC45825BD303500226029 /* HistoryView.swift */; };
		BCF789AF25B9C1CC00B44103 /* AppDelegate.swift in Sources */ = {isa = PBXBuildFile; fileRef = BCF789AE25B9C1CC00B44103 /* AppDelegate.swift */; };
		BCF789B125B9C1CC00B44103 /* SceneDelegate.swift in Sources */ = {isa = PBXBuildFile; fileRef = BCF789B025B9C1CC00B44103 /* SceneDelegate.swift */; };
		BCF789B325B9C1CC00B44103 /* ContentView.swift in Sources */ = {isa = PBXBuildFile; fileRef = BCF789B225B9C1CC00B44103 /* ContentView.swift */; };
		BCF789B525B9C1CD00B44103 /* Assets.xcassets in Resources */ = {isa = PBXBuildFile; fileRef = BCF789B425B9C1CD00B44103 /* Assets.xcassets */; };
		BCF789B825B9C1CD00B44103 /* Preview Assets.xcassets in Resources */ = {isa = PBXBuildFile; fileRef = BCF789B725B9C1CD00B44103 /* Preview Assets.xcassets */; };
		BCF789BB25B9C1CD00B44103 /* LaunchScreen.storyboard in Resources */ = {isa = PBXBuildFile; fileRef = BCF789B925B9C1CD00B44103 /* LaunchScreen.storyboard */; };
		BCF789C525B9C57600B44103 /* CalculatorButton.swift in Sources */ = {isa = PBXBuildFile; fileRef = BCF789C425B9C57600B44103 /* CalculatorButton.swift */; };
		BCF789C925B9C8C400B44103 /* CalculatorButtonItem.swift in Sources */ = {isa = PBXBuildFile; fileRef = BCF789C825B9C8C400B44103 /* CalculatorButtonItem.swift */; };
		BCF789CC25B9CD5000B44103 /* CalculatorButtonRow.swift in Sources */ = {isa = PBXBuildFile; fileRef = BCF789CB25B9CD5000B44103 /* CalculatorButtonRow.swift */; };
		BCF789CF25B9D2FB00B44103 /* CalculatorPad.swift in Sources */ = {isa = PBXBuildFile; fileRef = BCF789CE25B9D2FB00B44103 /* CalculatorPad.swift */; };
/* End PBXBuildFile section */

/* Begin PBXFileReference section */
		BC76C0DF25BA9D300003D3A7 /* CalculatorBrain.swift */ = {isa = PBXFileReference; lastKnownFileType = sourcecode.swift; path = CalculatorBrain.swift; sourceTree = "<group>"; };
		BC76C0E225BAAE890003D3A7 /* Reducer.swift */ = {isa = PBXFileReference; lastKnownFileType = sourcecode.swift; path = Reducer.swift; sourceTree = "<group>"; };
		BC9EC45525BD1B8C00226029 /* CalculatorModel.swift */ = {isa = PBXFileReference; lastKnownFileType = sourcecode.swift; path = CalculatorModel.swift; sourceTree = "<group>"; };
		BC9EC45825BD303500226029 /* HistoryView.swift */ = {isa = PBXFileReference; lastKnownFileType = sourcecode.swift; path = HistoryView.swift; sourceTree = "<group>"; };
		BCF789AB25B9C1CC00B44103 /* Calculator.app */ = {isa = PBXFileReference; explicitFileType = wrapper.application; includeInIndex = 0; path = Calculator.app; sourceTree = BUILT_PRODUCTS_DIR; };
		BCF789AE25B9C1CC00B44103 /* AppDelegate.swift */ = {isa = PBXFileReference; lastKnownFileType = sourcecode.swift; path = AppDelegate.swift; sourceTree = "<group>"; };
		BCF789B025B9C1CC00B44103 /* SceneDelegate.swift */ = {isa = PBXFileReference; lastKnownFileType = sourcecode.swift; path = SceneDelegate.swift; sourceTree = "<group>"; };
		BCF789B225B9C1CC00B44103 /* ContentView.swift */ = {isa = PBXFileReference; lastKnownFileType = sourcecode.swift; path = ContentView.swift; sourceTree = "<group>"; };
		BCF789B425B9C1CD00B44103 /* Assets.xcassets */ = {isa = PBXFileReference; lastKnownFileType = folder.assetcatalog; path = Assets.xcassets; sourceTree = "<group>"; };
		BCF789B725B9C1CD00B44103 /* Preview Assets.xcassets */ = {isa = PBXFileReference; lastKnownFileType = folder.assetcatalog; path = "Preview Assets.xcassets"; sourceTree = "<group>"; };
		BCF789BA25B9C1CD00B44103 /* Base */ = {isa = PBXFileReference; lastKnownFileType = file.storyboard; name = Base; path = Base.lproj/LaunchScreen.storyboard; sourceTree = "<group>"; };
		BCF789BC25B9C1CD00B44103 /* Info.plist */ = {isa = PBXFileReference; lastKnownFileType = text.plist.xml; path = Info.plist; sourceTree = "<group>"; };
		BCF789C425B9C57600B44103 /* CalculatorButton.swift */ = {isa = PBXFileReference; lastKnownFileType = sourcecode.swift; path = CalculatorButton.swift; sourceTree = "<group>"; };
		BCF789C825B9C8C400B44103 /* CalculatorButtonItem.swift */ = {isa = PBXFileReference; lastKnownFileType = sourcecode.swift; path = CalculatorButtonItem.swift; sourceTree = "<group>"; };
		BCF789CB25B9CD5000B44103 /* CalculatorButtonRow.swift */ = {isa = PBXFileReference; lastKnownFileType = sourcecode.swift; path = CalculatorButtonRow.swift; sourceTree = "<group>"; };
		BCF789CE25B9D2FB00B44103 /* CalculatorPad.swift */ = {isa = PBXFileReference; lastKnownFileType = sourcecode.swift; path = CalculatorPad.swift; sourceTree = "<group>"; };
/* End PBXFileReference section */

/* Begin PBXFrameworksBuildPhase section */
		BCF789A825B9C1CC00B44103 /* Frameworks */ = {
			isa = PBXFrameworksBuildPhase;
			buildActionMask = 2147483647;
			files = (
			);
			runOnlyForDeploymentPostprocessing = 0;
		};
/* End PBXFrameworksBuildPhase section */

/* Begin PBXGroup section */
		BCF789A225B9C1CC00B44103 = {
			isa = PBXGroup;
			children = (
				BCF789AD25B9C1CC00B44103 /* Calculator */,
				BCF789AC25B9C1CC00B44103 /* Products */,
			);
			sourceTree = "<group>";
		};
		BCF789AC25B9C1CC00B44103 /* Products */ = {
			isa = PBXGroup;
			children = (
				BCF789AB25B9C1CC00B44103 /* Calculator.app */,
			);
			name = Products;
			sourceTree = "<group>";
		};
		BCF789AD25B9C1CC00B44103 /* Calculator */ = {
			isa = PBXGroup;
			children = (
				BCF789C725B9C89E00B44103 /* Models */,
				BCF789C325B9C55800B44103 /* Views */,
				BCF789AE25B9C1CC00B44103 /* AppDelegate.swift */,
				BCF789B025B9C1CC00B44103 /* SceneDelegate.swift */,
				BCF789B225B9C1CC00B44103 /* ContentView.swift */,
				BCF789B425B9C1CD00B44103 /* Assets.xcassets */,
				BCF789B925B9C1CD00B44103 /* LaunchScreen.storyboard */,
				BCF789BC25B9C1CD00B44103 /* Info.plist */,
				BCF789B625B9C1CD00B44103 /* Preview Content */,
			);
			path = Calculator;
			sourceTree = "<group>";
		};
		BCF789B625B9C1CD00B44103 /* Preview Content */ = {
			isa = PBXGroup;
			children = (
				BCF789B725B9C1CD00B44103 /* Preview Assets.xcassets */,
			);
			path = "Preview Content";
			sourceTree = "<group>";
		};
		BCF789C325B9C55800B44103 /* Views */ = {
			isa = PBXGroup;
			children = (
				BCF789C425B9C57600B44103 /* CalculatorButton.swift */,
				BCF789CB25B9CD5000B44103 /* CalculatorButtonRow.swift */,
				BCF789CE25B9D2FB00B44103 /* CalculatorPad.swift */,
				BC9EC45825BD303500226029 /* HistoryView.swift */,
			);
			path = Views;
			sourceTree = "<group>";
		};
		BCF789C725B9C89E00B44103 /* Models */ = {
			isa = PBXGroup;
			children = (
				BCF789C825B9C8C400B44103 /* CalculatorButtonItem.swift */,
				BC76C0DF25BA9D300003D3A7 /* CalculatorBrain.swift */,
				BC76C0E225BAAE890003D3A7 /* Reducer.swift */,
				BC9EC45525BD1B8C00226029 /* CalculatorModel.swift */,
			);
			path = Models;
			sourceTree = "<group>";
		};
/* End PBXGroup section */

/* Begin PBXNativeTarget section */
		BCF789AA25B9C1CC00B44103 /* Calculator */ = {
			isa = PBXNativeTarget;
			buildConfigurationList = BCF789BF25B9C1CD00B44103 /* Build configuration list for PBXNativeTarget "Calculator" */;
			buildPhases = (
				BCF789A725B9C1CC00B44103 /* Sources */,
				BCF789A825B9C1CC00B44103 /* Frameworks */,
				BCF789A925B9C1CC00B44103 /* Resources */,
			);
			buildRules = (
			);
			dependencies = (
			);
			name = Calculator;
			productName = Calculator;
			productReference = BCF789AB25B9C1CC00B44103 /* Calculator.app */;
			productType = "com.apple.product-type.application";
		};
/* End PBXNativeTarget section */

/* Begin PBXProject section */
		BCF789A325B9C1CC00B44103 /* Project object */ = {
			isa = PBXProject;
			attributes = {
				LastSwiftUpdateCheck = 1230;
				LastUpgradeCheck = 1230;
				TargetAttributes = {
					BCF789AA25B9C1CC00B44103 = {
						CreatedOnToolsVersion = 12.3;
					};
				};
			};
			buildConfigurationList = BCF789A625B9C1CC00B44103 /* Build configuration list for PBXProject "Calculator" */;
			compatibilityVersion = "Xcode 9.3";
			developmentRegion = en;
			hasScannedForEncodings = 0;
			knownRegions = (
				en,
				Base,
			);
			mainGroup = BCF789A225B9C1CC00B44103;
			productRefGroup = BCF789AC25B9C1CC00B44103 /* Products */;
			projectDirPath = "";
			projectRoot = "";
			targets = (
				BCF789AA25B9C1CC00B44103 /* Calculator */,
			);
		};
/* End PBXProject section */

/* Begin PBXResourcesBuildPhase section */
		BCF789A925B9C1CC00B44103 /* Resources */ = {
			isa = PBXResourcesBuildPhase;
			buildActionMask = 2147483647;
			files = (
				BCF789BB25B9C1CD00B44103 /* LaunchScreen.storyboard in Resources */,
				BCF789B825B9C1CD00B44103 /* Preview Assets.xcassets in Resources */,
				BCF789B525B9C1CD00B44103 /* Assets.xcassets in Resources */,
			);
			runOnlyForDeploymentPostprocessing = 0;
		};
/* End PBXResourcesBuildPhase section */

/* Begin PBXSourcesBuildPhase section */
		BCF789A725B9C1CC00B44103 /* Sources */ = {
			isa = PBXSourcesBuildPhase;
			buildActionMask = 2147483647;
			files = (
				BCF789AF25B9C1CC00B44103 /* AppDelegate.swift in Sources */,
				BC9EC45625BD1B8C00226029 /* CalculatorModel.swift in Sources */,
				BCF789B125B9C1CC00B44103 /* SceneDelegate.swift in Sources */,
				BCF789C925B9C8C400B44103 /* CalculatorButtonItem.swift in Sources */,
				BCF789CF25B9D2FB00B44103 /* CalculatorPad.swift in Sources */,
				BC9EC45925BD303500226029 /* HistoryView.swift in Sources */,
				BCF789B325B9C1CC00B44103 /* ContentView.swift in Sources */,
				BC76C0E325BAAE890003D3A7 /* Reducer.swift in Sources */,
				BCF789CC25B9CD5000B44103 /* CalculatorButtonRow.swift in Sources */,
				BC76C0E025BA9D300003D3A7 /* CalculatorBrain.swift in Sources */,
				BCF789C525B9C57600B44103 /* CalculatorButton.swift in Sources */,
			);
			runOnlyForDeploymentPostprocessing = 0;
		};
/* End PBXSourcesBuildPhase section */

/* Begin PBXVariantGroup section */
		BCF789B925B9C1CD00B44103 /* LaunchScreen.storyboard */ = {
			isa = PBXVariantGroup;
			children = (
				BCF789BA25B9C1CD00B44103 /* Base */,
			);
			name = LaunchScreen.storyboard;
			sourceTree = "<group>";
		};
/* End PBXVariantGroup section */

/* Begin XCBuildConfiguration section */
		BCF789BD25B9C1CD00B44103 /* Debug */ = {
			isa = XCBuildConfiguration;
			buildSettings = {
				ALWAYS_SEARCH_USER_PATHS = NO;
				CLANG_ANALYZER_NONNULL = YES;
				CLANG_ANALYZER_NUMBER_OBJECT_CONVERSION = YES_AGGRESSIVE;
				CLANG_CXX_LANGUAGE_STANDARD = "gnu++14";
				CLANG_CXX_LIBRARY = "libc++";
				CLANG_ENABLE_MODULES = YES;
				CLANG_ENABLE_OBJC_ARC = YES;
				CLANG_ENABLE_OBJC_WEAK = YES;
				CLANG_WARN_BLOCK_CAPTURE_AUTORELEASING = YES;
				CLANG_WARN_BOOL_CONVERSION = YES;
				CLANG_WARN_COMMA = YES;
				CLANG_WARN_CONSTANT_CONVERSION = YES;
				CLANG_WARN_DEPRECATED_OBJC_IMPLEMENTATIONS = YES;
				CLANG_WARN_DIRECT_OBJC_ISA_USAGE = YES_ERROR;
				CLANG_WARN_DOCUMENTATION_COMMENTS = YES;
				CLANG_WARN_EMPTY_BODY = YES;
				CLANG_WARN_ENUM_CONVERSION = YES;
				CLANG_WARN_INFINITE_RECURSION = YES;
				CLANG_WARN_INT_CONVERSION = YES;
				CLANG_WARN_NON_LITERAL_NULL_CONVERSION = YES;
				CLANG_WARN_OBJC_IMPLICIT_RETAIN_SELF = YES;
				CLANG_WARN_OBJC_LITERAL_CONVERSION = YES;
				CLANG_WARN_OBJC_ROOT_CLASS = YES_ERROR;
				CLANG_WARN_QUOTED_INCLUDE_IN_FRAMEWORK_HEADER = YES;
				CLANG_WARN_RANGE_LOOP_ANALYSIS = YES;
				CLANG_WARN_STRICT_PROTOTYPES = YES;
				CLANG_WARN_SUSPICIOUS_MOVE = YES;
				CLANG_WARN_UNGUARDED_AVAILABILITY = YES_AGGRESSIVE;
				CLANG_WARN_UNREACHABLE_CODE = YES;
				CLANG_WARN__DUPLICATE_METHOD_MATCH = YES;
				COPY_PHASE_STRIP = NO;
				DEBUG_INFORMATION_FORMAT = dwarf;
				ENABLE_STRICT_OBJC_MSGSEND = YES;
				ENABLE_TESTABILITY = YES;
				GCC_C_LANGUAGE_STANDARD = gnu11;
				GCC_DYNAMIC_NO_PIC = NO;
				GCC_NO_COMMON_BLOCKS = YES;
				GCC_OPTIMIZATION_LEVEL = 0;
				GCC_PREPROCESSOR_DEFINITIONS = (
					"DEBUG=1",
					"$(inherited)",
				);
				GCC_WARN_64_TO_32_BIT_CONVERSION = YES;
				GCC_WARN_ABOUT_RETURN_TYPE = YES_ERROR;
				GCC_WARN_UNDECLARED_SELECTOR = YES;
				GCC_WARN_UNINITIALIZED_AUTOS = YES_AGGRESSIVE;
				GCC_WARN_UNUSED_FUNCTION = YES;
				GCC_WARN_UNUSED_VARIABLE = YES;
				IPHONEOS_DEPLOYMENT_TARGET = 14.3;
				MTL_ENABLE_DEBUG_INFO = INCLUDE_SOURCE;
				MTL_FAST_MATH = YES;
				ONLY_ACTIVE_ARCH = YES;
				SDKROOT = iphoneos;
				SWIFT_ACTIVE_COMPILATION_CONDITIONS = DEBUG;
				SWIFT_OPTIMIZATION_LEVEL = "-Onone";
			};
			name = Debug;
		};
		BCF789BE25B9C1CD00B44103 /* Release */ = {
			isa = XCBuildConfiguration;
			buildSettings = {
				ALWAYS_SEARCH_USER_PATHS = NO;
				CLANG_ANALYZER_NONNULL = YES;
				CLANG_ANALYZER_NUMBER_OBJECT_CONVERSION = YES_AGGRESSIVE;
				CLANG_CXX_LANGUAGE_STANDARD = "gnu++14";
				CLANG_CXX_LIBRARY = "libc++";
				CLANG_ENABLE_MODULES = YES;
				CLANG_ENABLE_OBJC_ARC = YES;
				CLANG_ENABLE_OBJC_WEAK = YES;
				CLANG_WARN_BLOCK_CAPTURE_AUTORELEASING = YES;
				CLANG_WARN_BOOL_CONVERSION = YES;
				CLANG_WARN_COMMA = YES;
				CLANG_WARN_CONSTANT_CONVERSION = YES;
				CLANG_WARN_DEPRECATED_OBJC_IMPLEMENTATIONS = YES;
				CLANG_WARN_DIRECT_OBJC_ISA_USAGE = YES_ERROR;
				CLANG_WARN_DOCUMENTATION_COMMENTS = YES;
				CLANG_WARN_EMPTY_BODY = YES;
				CLANG_WARN_ENUM_CONVERSION = YES;
				CLANG_WARN_INFINITE_RECURSION = YES;
				CLANG_WARN_INT_CONVERSION = YES;
				CLANG_WARN_NON_LITERAL_NULL_CONVERSION = YES;
				CLANG_WARN_OBJC_IMPLICIT_RETAIN_SELF = YES;
				CLANG_WARN_OBJC_LITERAL_CONVERSION = YES;
				CLANG_WARN_OBJC_ROOT_CLASS = YES_ERROR;
				CLANG_WARN_QUOTED_INCLUDE_IN_FRAMEWORK_HEADER = YES;
				CLANG_WARN_RANGE_LOOP_ANALYSIS = YES;
				CLANG_WARN_STRICT_PROTOTYPES = YES;
				CLANG_WARN_SUSPICIOUS_MOVE = YES;
				CLANG_WARN_UNGUARDED_AVAILABILITY = YES_AGGRESSIVE;
				CLANG_WARN_UNREACHABLE_CODE = YES;
				CLANG_WARN__DUPLICATE_METHOD_MATCH = YES;
				COPY_PHASE_STRIP = NO;
				DEBUG_INFORMATION_FORMAT = "dwarf-with-dsym";
				ENABLE_NS_ASSERTIONS = NO;
				ENABLE_STRICT_OBJC_MSGSEND = YES;
				GCC_C_LANGUAGE_STANDARD = gnu11;
				GCC_NO_COMMON_BLOCKS = YES;
				GCC_WARN_64_TO_32_BIT_CONVERSION = YES;
				GCC_WARN_ABOUT_RETURN_TYPE = YES_ERROR;
				GCC_WARN_UNDECLARED_SELECTOR = YES;
				GCC_WARN_UNINITIALIZED_AUTOS = YES_AGGRESSIVE;
				GCC_WARN_UNUSED_FUNCTION = YES;
				GCC_WARN_UNUSED_VARIABLE = YES;
				IPHONEOS_DEPLOYMENT_TARGET = 14.3;
				MTL_ENABLE_DEBUG_INFO = NO;
				MTL_FAST_MATH = YES;
				SDKROOT = iphoneos;
				SWIFT_COMPILATION_MODE = wholemodule;
				SWIFT_OPTIMIZATION_LEVEL = "-O";
				VALIDATE_PRODUCT = YES;
			};
			name = Release;
		};
		BCF789C025B9C1CD00B44103 /* Debug */ = {
			isa = XCBuildConfiguration;
			buildSettings = {
				ASSETCATALOG_COMPILER_APPICON_NAME = AppIcon;
				ASSETCATALOG_COMPILER_GLOBAL_ACCENT_COLOR_NAME = AccentColor;
				CODE_SIGN_STYLE = Automatic;
				DEVELOPMENT_ASSET_PATHS = "\"Calculator/Preview Content\"";
				DEVELOPMENT_TEAM = YW25G7UN2Y;
				ENABLE_PREVIEWS = YES;
				INFOPLIST_FILE = Calculator/Info.plist;
				LD_RUNPATH_SEARCH_PATHS = (
					"$(inherited)",
					"@executable_path/Frameworks",
				);
				PRODUCT_BUNDLE_IDENTIFIER = com.happy.lingjie.Calculator;
				PRODUCT_NAME = "$(TARGET_NAME)";
				SWIFT_VERSION = 5.0;
				TARGETED_DEVICE_FAMILY = "1,2";
			};
			name = Debug;
		};
		BCF789C125B9C1CD00B44103 /* Release */ = {
			isa = XCBuildConfiguration;
			buildSettings = {
				ASSETCATALOG_COMPILER_APPICON_NAME = AppIcon;
				ASSETCATALOG_COMPILER_GLOBAL_ACCENT_COLOR_NAME = AccentColor;
				CODE_SIGN_STYLE = Automatic;
				DEVELOPMENT_ASSET_PATHS = "\"Calculator/Preview Content\"";
				DEVELOPMENT_TEAM = YW25G7UN2Y;
				ENABLE_PREVIEWS = YES;
				INFOPLIST_FILE = Calculator/Info.plist;
				LD_RUNPATH_SEARCH_PATHS = (
					"$(inherited)",
					"@executable_path/Frameworks",
				);
				PRODUCT_BUNDLE_IDENTIFIER = com.happy.lingjie.Calculator;
				PRODUCT_NAME = "$(TARGET_NAME)";
				SWIFT_VERSION = 5.0;
				TARGETED_DEVICE_FAMILY = "1,2";
			};
			name = Release;
		};
/* End XCBuildConfiguration section */

/* Begin XCConfigurationList section */
		BCF789A625B9C1CC00B44103 /* Build configuration list for PBXProject "Calculator" */ = {
			isa = XCConfigurationList;
			buildConfigurations = (
				BCF789BD25B9C1CD00B44103 /* Debug */,
				BCF789BE25B9C1CD00B44103 /* Release */,
			);
			defaultConfigurationIsVisible = 0;
			defaultConfigurationName = Release;
		};
		BCF789BF25B9C1CD00B44103 /* Build configuration list for PBXNativeTarget "Calculator" */ = {
			isa = XCConfigurationList;
			buildConfigurations = (
				BCF789C025B9C1CD00B44103 /* Debug */,
				BCF789C125B9C1CD00B44103 /* Release */,
			);
			defaultConfigurationIsVisible = 0;
			defaultConfigurationName = Release;
		};
/* End XCConfigurationList section */
	};
	rootObject = BCF789A325B9C1CC00B44103 /* Project object */;
}
